
Microsoft Visual Studio Solution File, Format Version 12.00
# Visual Studio Version 17
VisualStudioVersion = 17.6.33723.286
MinimumVisualStudioVersion = 10.0.40219.1
Project("{9A19103F-16F7-4668-BE54-9A1E7A4F7556}") = "WebAPI", "WebAPI\WebAPI.csproj", "{DD81EA85-4B13-4D65-95CD-B76CCFF7C271}"
EndProject
Project("{9A19103F-16F7-4668-BE54-9A1E7A4F7556}") = "Repositories", "Repositories\Repositories.csproj", "{EDD4E8C7-4D55-4E91-81A1-D78BDBEC193D}"
EndProject
Project("{9A19103F-16F7-4668-BE54-9A1E7A4F7556}") = "Services", "Services\Services.csproj", "{3D789341-C32C-4B20-AFF0-B65A4081AA8B}"
EndProject
Project("{D954291E-2A0B-460D-934E-DC6B0785DB48}") = "ExagenSharedProject", "ExagenSharedProject\ExagenSharedProject.shproj", "{E606A442-D8A3-4086-BB27-D145DD694D73}"
EndProject
Project("{2150E333-8FDC-42A3-9474-1A3956D46DE8}") = "Dockerfile", "Dockerfile", "{94A93CBE-C42D-4CDF-9A00-A8EDD8847980}"
	ProjectSection(SolutionItems) = preProject
		ExagenSharedProject\Dockerfile = ExagenSharedProject\Dockerfile
	EndProjectSection
EndProject
Project("{9A19103F-16F7-4668-BE54-9A1E7A4F7556}") = "DucumentProcessing", "DucumentProcessing\DucumentProcessing.csproj", "{0F5F705C-269B-4F87-A9A9-02C84AAD8AEF}"
EndProject
Project("{9A19103F-16F7-4668-BE54-9A1E7A4F7556}") = "TestClass", "TestClass\TestClass.csproj", "{7BB7876A-042D-45F7-AD7B-C7BED61C230E}"
EndProject
Global
	GlobalSection(SolutionConfigurationPlatforms) = preSolution
		Debug|Any CPU = Debug|Any CPU
		Release|Any CPU = Release|Any CPU
	EndGlobalSection
	GlobalSection(ProjectConfigurationPlatforms) = postSolution
		{DD81EA85-4B13-4D65-95CD-B76CCFF7C271}.Debug|Any CPU.ActiveCfg = Debug|Any CPU
		{DD81EA85-4B13-4D65-95CD-B76CCFF7C271}.Debug|Any CPU.Build.0 = Debug|Any CPU
		{DD81EA85-4B13-4D65-95CD-B76CCFF7C271}.Release|Any CPU.ActiveCfg = Release|Any CPU
		{DD81EA85-4B13-4D65-95CD-B76CCFF7C271}.Release|Any CPU.Build.0 = Release|Any CPU
		{EDD4E8C7-4D55-4E91-81A1-D78BDBEC193D}.Debug|Any CPU.ActiveCfg = Debug|Any CPU
		{EDD4E8C7-4D55-4E91-81A1-D78BDBEC193D}.Debug|Any CPU.Build.0 = Debug|Any CPU
		{EDD4E8C7-4D55-4E91-81A1-D78BDBEC193D}.Release|Any CPU.ActiveCfg = Release|Any CPU
		{EDD4E8C7-4D55-4E91-81A1-D78BDBEC193D}.Release|Any CPU.Build.0 = Release|Any CPU
		{3D789341-C32C-4B20-AFF0-B65A4081AA8B}.Debug|Any CPU.ActiveCfg = Debug|Any CPU
		{3D789341-C32C-4B20-AFF0-B65A4081AA8B}.Debug|Any CPU.Build.0 = Debug|Any CPU
		{3D789341-C32C-4B20-AFF0-B65A4081AA8B}.Release|Any CPU.ActiveCfg = Release|Any CPU
		{3D789341-C32C-4B20-AFF0-B65A4081AA8B}.Release|Any CPU.Build.0 = Release|Any CPU
		{0F5F705C-269B-4F87-A9A9-02C84AAD8AEF}.Debug|Any CPU.ActiveCfg = Debug|Any CPU
		{0F5F705C-269B-4F87-A9A9-02C84AAD8AEF}.Debug|Any CPU.Build.0 = Debug|Any CPU
		{0F5F705C-269B-4F87-A9A9-02C84AAD8AEF}.Release|Any CPU.ActiveCfg = Release|Any CPU
		{0F5F705C-269B-4F87-A9A9-02C84AAD8AEF}.Release|Any CPU.Build.0 = Release|Any CPU
		{7BB7876A-042D-45F7-AD7B-C7BED61C230E}.Debug|Any CPU.ActiveCfg = Debug|Any CPU
		{7BB7876A-042D-45F7-AD7B-C7BED61C230E}.Debug|Any CPU.Build.0 = Debug|Any CPU
		{7BB7876A-042D-45F7-AD7B-C7BED61C230E}.Release|Any CPU.ActiveCfg = Release|Any CPU
		{7BB7876A-042D-45F7-AD7B-C7BED61C230E}.Release|Any CPU.Build.0 = Release|Any CPU
	EndGlobalSection
	GlobalSection(SolutionProperties) = preSolution
		HideSolutionNode = FALSE
	EndGlobalSection
	GlobalSection(ExtensibilityGlobals) = postSolution
		SolutionGuid = {B0DA8E77-59FC-4956-8551-CDFCD2F4C7A8}
	EndGlobalSection
	GlobalSection(SharedMSBuildProjectFiles) = preSolution
		ExagenSharedProject\ExagenSharedProject.projitems*{0f5f705c-269b-4f87-a9a9-02c84aad8aef}*SharedItemsImports = 5
		ExagenSharedProject\ExagenSharedProject.projitems*{3d789341-c32c-4b20-aff0-b65a4081aa8b}*SharedItemsImports = 5
		ExagenSharedProject\ExagenSharedProject.projitems*{e606a442-d8a3-4086-bb27-d145dd694d73}*SharedItemsImports = 13
	EndGlobalSection
EndGlobal
